Microsoft Visual Studio Solution File, Format Version 12.00
# Visual Studio Version 18
VisualStudioVersion = 18.0.0.0
MinimumVisualStudioVersion = 10.0.40219.1
Project("{9A19103F-16F7-4668-BE54-9A1E7A4F7556}") = "ReadOS.App", "src\ReadOS.App\ReadOS.App.csproj", "{42D0D1E5-1327-4C72-9B87-5B81AE4774B7}"
EndProject
Global
	GlobalSection(SolutionConfigurationPlatforms) = preSolution
		Debug|Any CPU = Debug|Any CPU
		Release|Any CPU = Release|Any CPU
	EndGlobalSection
	GlobalSection(ProjectConfigurationPlatforms) = postSolution
		{42D0D1E5-1327-4C72-9B87-5B81AE4774B7}.Debug|Any CPU.ActiveCfg = Debug|Any CPU
		{42D0D1E5-1327-4C72-9B87-5B81AE4774B7}.Debug|Any CPU.Build.0 = Debug|Any CPU
		{42D0D1E5-1327-4C72-9B87-5B81AE4774B7}.Release|Any CPU.ActiveCfg = Release|Any CPU
		{42D0D1E5-1327-4C72-9B87-5B81AE4774B7}.Release|Any CPU.Build.0 = Release|Any CPU
	EndGlobalSection
	GlobalSection(SolutionProperties) = preSolution
		HideSolutionNode = FALSE
	EndGlobalSection
	GlobalSection(ExtensibilityGlobals) = postSolution
		SolutionGuid = {8F9C28D6-E56E-4B45-96B7-A8DF7A6B75E6}
	EndGlobalSection
EndGlobal
